
Microsoft Visual Studio Solution File, Format Version 12.00
# Visual Studio Version 16
VisualStudioVersion = 16.0.30128.74
MinimumVisualStudioVersion = 10.0.40219.1
Project("{9A19103F-16F7-4668-BE54-9A1E7A4F7556}") = "Giprojivmash.WEB", "Giprojivmash.WEB\Giprojivmash.WEB.csproj", "{6F1B723C-3807-4DE3-A00D-8A4E7F8692FD}"
EndProject
Project("{2150E333-8FDC-42A3-9474-1A3956D46DE8}") = "src", "src", "{4C15D637-9A48-4CC2-B272-9FD123A0FF36}"
EndProject
Global
	GlobalSection(SolutionConfigurationPlatforms) = preSolution
		Debug|Any CPU = Debug|Any CPU
		Release|Any CPU = Release|Any CPU
	EndGlobalSection
	GlobalSection(ProjectConfigurationPlatforms) = postSolution
		{6F1B723C-3807-4DE3-A00D-8A4E7F8692FD}.Debug|Any CPU.ActiveCfg = Debug|Any CPU
		{6F1B723C-3807-4DE3-A00D-8A4E7F8692FD}.Debug|Any CPU.Build.0 = Debug|Any CPU
		{6F1B723C-3807-4DE3-A00D-8A4E7F8692FD}.Release|Any CPU.ActiveCfg = Release|Any CPU
		{6F1B723C-3807-4DE3-A00D-8A4E7F8692FD}.Release|Any CPU.Build.0 = Release|Any CPU
	EndGlobalSection
	GlobalSection(SolutionProperties) = preSolution
		HideSolutionNode = FALSE
	EndGlobalSection
	GlobalSection(NestedProjects) = preSolution
		{6F1B723C-3807-4DE3-A00D-8A4E7F8692FD} = {4C15D637-9A48-4CC2-B272-9FD123A0FF36}
	EndGlobalSection
	GlobalSection(ExtensibilityGlobals) = postSolution
		SolutionGuid = {76F96483-393D-462A-972C-212AD60F5771}
	EndGlobalSection
EndGlobal
