
Microsoft Visual Studio Solution File, Format Version 12.00
# Visual Studio Version 16
VisualStudioVersion = 16.0.30128.74
MinimumVisualStudioVersion = 10.0.40219.1
Project("{2150E333-8FDC-42A3-9474-1A3956D46DE8}") = "scripts", "scripts", "{42E27B90-D7FC-42F8-AED9-CC0D272F6DBC}"
	ProjectSection(SolutionItems) = preProject
		Directory.Build.props = Directory.Build.props
		Giprojivmash.ruleset = Giprojivmash.ruleset
		README.md = README.md
		stylecop.json = stylecop.json
	EndProjectSection
EndProject
Project("{2150E333-8FDC-42A3-9474-1A3956D46DE8}") = "src", "src", "{B32953A3-6B30-4FDC-B145-0E489B259094}"
EndProject
Project("{2150E333-8FDC-42A3-9474-1A3956D46DE8}") = "test", "test", "{4E45AE7F-5AE6-4EF5-9932-F3AA25A58D8D}"
EndProject
Project("{2150E333-8FDC-42A3-9474-1A3956D46DE8}") = "MySQL", "MySQL", "{3481C727-0797-4045-873B-2D2279F99D11}"
	ProjectSection(SolutionItems) = preProject
		MySQL\CreateTables.txt = MySQL\CreateTables.txt
	EndProjectSection
EndProject
Project("{9A19103F-16F7-4668-BE54-9A1E7A4F7556}") = "Giprojivmash.BLL", "src\Giprojivmash.BLL\Giprojivmash.BLL.csproj", "{EA75EB00-D8E2-4785-9BA3-F3507CCC29A8}"
EndProject
Project("{9A19103F-16F7-4668-BE54-9A1E7A4F7556}") = "Giprojivmash.DAL", "src\Giprojivmash.DAL\Giprojivmash.DAL.csproj", "{ADAFE8B6-9299-4AE3-8E47-FF8E50F5FD7A}"
EndProject
Project("{9A19103F-16F7-4668-BE54-9A1E7A4F7556}") = "Giprojivmash.WEB", "src\Giprojivmash.WEB\Giprojivmash.WEB.csproj", "{3D3B43B3-880C-451D-A449-5767D85EBA73}"
EndProject
Project("{00D1A9C2-B5F0-4AF3-8072-F6C62B433612}") = "Giprojivmash_Site", "src\Giprojivmash_Site\Giprojivmash_Site.sqlproj", "{7A301C7A-E167-4BEB-9982-1C27AC60B5B9}"
EndProject
Project("{9A19103F-16F7-4668-BE54-9A1E7A4F7556}") = "GiprojivmashIntegrationTests", "test\GiprojivmashIntegrationTests\GiprojivmashIntegrationTests.csproj", "{453AD2B9-C487-4DC8-B57F-11CDC5FFA394}"
EndProject
Global
	GlobalSection(SolutionConfigurationPlatforms) = preSolution
		Debug|Any CPU = Debug|Any CPU
		Release|Any CPU = Release|Any CPU
	EndGlobalSection
	GlobalSection(ProjectConfigurationPlatforms) = postSolution
		{EA75EB00-D8E2-4785-9BA3-F3507CCC29A8}.Debug|Any CPU.ActiveCfg = Debug|Any CPU
		{EA75EB00-D8E2-4785-9BA3-F3507CCC29A8}.Debug|Any CPU.Build.0 = Debug|Any CPU
		{EA75EB00-D8E2-4785-9BA3-F3507CCC29A8}.Release|Any CPU.ActiveCfg = Release|Any CPU
		{EA75EB00-D8E2-4785-9BA3-F3507CCC29A8}.Release|Any CPU.Build.0 = Release|Any CPU
		{ADAFE8B6-9299-4AE3-8E47-FF8E50F5FD7A}.Debug|Any CPU.ActiveCfg = Debug|Any CPU
		{ADAFE8B6-9299-4AE3-8E47-FF8E50F5FD7A}.Debug|Any CPU.Build.0 = Debug|Any CPU
		{ADAFE8B6-9299-4AE3-8E47-FF8E50F5FD7A}.Release|Any CPU.ActiveCfg = Release|Any CPU
		{ADAFE8B6-9299-4AE3-8E47-FF8E50F5FD7A}.Release|Any CPU.Build.0 = Release|Any CPU
		{3D3B43B3-880C-451D-A449-5767D85EBA73}.Debug|Any CPU.ActiveCfg = Debug|Any CPU
		{3D3B43B3-880C-451D-A449-5767D85EBA73}.Debug|Any CPU.Build.0 = Debug|Any CPU
		{3D3B43B3-880C-451D-A449-5767D85EBA73}.Release|Any CPU.ActiveCfg = Release|Any CPU
		{3D3B43B3-880C-451D-A449-5767D85EBA73}.Release|Any CPU.Build.0 = Release|Any CPU
		{7A301C7A-E167-4BEB-9982-1C27AC60B5B9}.Debug|Any CPU.ActiveCfg = Debug|Any CPU
		{7A301C7A-E167-4BEB-9982-1C27AC60B5B9}.Debug|Any CPU.Build.0 = Debug|Any CPU
		{7A301C7A-E167-4BEB-9982-1C27AC60B5B9}.Debug|Any CPU.Deploy.0 = Debug|Any CPU
		{7A301C7A-E167-4BEB-9982-1C27AC60B5B9}.Release|Any CPU.ActiveCfg = Release|Any CPU
		{7A301C7A-E167-4BEB-9982-1C27AC60B5B9}.Release|Any CPU.Build.0 = Release|Any CPU
		{7A301C7A-E167-4BEB-9982-1C27AC60B5B9}.Release|Any CPU.Deploy.0 = Release|Any CPU
		{453AD2B9-C487-4DC8-B57F-11CDC5FFA394}.Debug|Any CPU.ActiveCfg = Debug|Any CPU
		{453AD2B9-C487-4DC8-B57F-11CDC5FFA394}.Debug|Any CPU.Build.0 = Debug|Any CPU
		{453AD2B9-C487-4DC8-B57F-11CDC5FFA394}.Release|Any CPU.ActiveCfg = Release|Any CPU
		{453AD2B9-C487-4DC8-B57F-11CDC5FFA394}.Release|Any CPU.Build.0 = Release|Any CPU
	EndGlobalSection
	GlobalSection(SolutionProperties) = preSolution
		HideSolutionNode = FALSE
	EndGlobalSection
	GlobalSection(NestedProjects) = preSolution
		{EA75EB00-D8E2-4785-9BA3-F3507CCC29A8} = {B32953A3-6B30-4FDC-B145-0E489B259094}
		{ADAFE8B6-9299-4AE3-8E47-FF8E50F5FD7A} = {B32953A3-6B30-4FDC-B145-0E489B259094}
		{3D3B43B3-880C-451D-A449-5767D85EBA73} = {B32953A3-6B30-4FDC-B145-0E489B259094}
		{7A301C7A-E167-4BEB-9982-1C27AC60B5B9} = {B32953A3-6B30-4FDC-B145-0E489B259094}
		{453AD2B9-C487-4DC8-B57F-11CDC5FFA394} = {4E45AE7F-5AE6-4EF5-9932-F3AA25A58D8D}
	EndGlobalSection
	GlobalSection(ExtensibilityGlobals) = postSolution
		SolutionGuid = {3DC6C856-BC51-44D0-B752-52E57CCB8EDC}
	EndGlobalSection
EndGlobal
